
Microsoft Visual Studio Solution File, Format Version 12.00
Project("{FAE04EC0-301F-11D3-BF4B-00C04F79EFBC}") = "ContactsApp_API", "ContactsApp_API.csproj", "{C17427E9-8314-427C-8768-4D4144090205}"
EndProject
Global
	GlobalSection(SolutionConfigurationPlatforms) = preSolution
		Debug|Any CPU = Debug|Any CPU
		Release|Any CPU = Release|Any CPU
	EndGlobalSection
	GlobalSection(ProjectConfigurationPlatforms) = postSolution
		{C17427E9-8314-427C-8768-4D4144090205}.Debug|Any CPU.ActiveCfg = Debug|Any CPU
		{C17427E9-8314-427C-8768-4D4144090205}.Debug|Any CPU.Build.0 = Debug|Any CPU
		{C17427E9-8314-427C-8768-4D4144090205}.Release|Any CPU.ActiveCfg = Release|Any CPU
		{C17427E9-8314-427C-8768-4D4144090205}.Release|Any CPU.Build.0 = Release|Any CPU
	EndGlobalSection
EndGlobal
