
Microsoft Visual Studio Solution File, Format Version 12.00
Project("{FAE04EC0-301F-11D3-BF4B-00C04F79EFBC}") = "ContactsApp_API", "ContactsApp_API\ContactsApp_API.csproj", "{6CA34DD2-D621-4987-8274-D7363F54CA2B}"
EndProject
Project("{FAE04EC0-301F-11D3-BF4B-00C04F79EFBC}") = "ContactsApp_Web", "ContactsApp_Web\ContactsApp_Web.csproj", "{306B574E-06E8-45CC-B9AE-BD37287ECDA1}"
EndProject
Project("{FAE04EC0-301F-11D3-BF4B-00C04F79EFBC}") = "ContactsApp_Models", "ContactsApp_Models\ContactsApp_Models.csproj", "{F837C91C-5C2D-4854-AAD0-160BAE216B57}"
EndProject
Global
	GlobalSection(SolutionConfigurationPlatforms) = preSolution
		Debug|Any CPU = Debug|Any CPU
		Release|Any CPU = Release|Any CPU
	EndGlobalSection
	GlobalSection(ProjectConfigurationPlatforms) = postSolution
		{6CA34DD2-D621-4987-8274-D7363F54CA2B}.Debug|Any CPU.ActiveCfg = Debug|Any CPU
		{6CA34DD2-D621-4987-8274-D7363F54CA2B}.Debug|Any CPU.Build.0 = Debug|Any CPU
		{6CA34DD2-D621-4987-8274-D7363F54CA2B}.Release|Any CPU.ActiveCfg = Release|Any CPU
		{6CA34DD2-D621-4987-8274-D7363F54CA2B}.Release|Any CPU.Build.0 = Release|Any CPU
		{306B574E-06E8-45CC-B9AE-BD37287ECDA1}.Debug|Any CPU.ActiveCfg = Debug|Any CPU
		{306B574E-06E8-45CC-B9AE-BD37287ECDA1}.Debug|Any CPU.Build.0 = Debug|Any CPU
		{306B574E-06E8-45CC-B9AE-BD37287ECDA1}.Release|Any CPU.ActiveCfg = Release|Any CPU
		{306B574E-06E8-45CC-B9AE-BD37287ECDA1}.Release|Any CPU.Build.0 = Release|Any CPU
		{F837C91C-5C2D-4854-AAD0-160BAE216B57}.Debug|Any CPU.ActiveCfg = Debug|Any CPU
		{F837C91C-5C2D-4854-AAD0-160BAE216B57}.Debug|Any CPU.Build.0 = Debug|Any CPU
		{F837C91C-5C2D-4854-AAD0-160BAE216B57}.Release|Any CPU.ActiveCfg = Release|Any CPU
		{F837C91C-5C2D-4854-AAD0-160BAE216B57}.Release|Any CPU.Build.0 = Release|Any CPU
	EndGlobalSection
EndGlobal
